
Microsoft Visual Studio Solution File, Format Version 12.00
# Visual Studio Version 17
VisualStudioVersion = 17.6.33829.357
MinimumVisualStudioVersion = 10.0.40219.1
Project("{9A19103F-16F7-4668-BE54-9A1E7A4F7556}") = "RMT.Scheduler", "RMT.Scheduler.csproj", "{4989BF76-18C3-4EEC-8455-6BA83F91E499}"
EndProject
Global
	GlobalSection(SolutionConfigurationPlatforms) = preSolution
		Debug|Any CPU = Debug|Any CPU
		Release|Any CPU = Release|Any CPU
	EndGlobalSection
	GlobalSection(ProjectConfigurationPlatforms) = postSolution
		{4989BF76-18C3-4EEC-8455-6BA83F91E499}.Debug|Any CPU.ActiveCfg = Debug|Any CPU
		{4989BF76-18C3-4EEC-8455-6BA83F91E499}.Debug|Any CPU.Build.0 = Debug|Any CPU
		{4989BF76-18C3-4EEC-8455-6BA83F91E499}.Release|Any CPU.ActiveCfg = Release|Any CPU
		{4989BF76-18C3-4EEC-8455-6BA83F91E499}.Release|Any CPU.Build.0 = Release|Any CPU
	EndGlobalSection
	GlobalSection(SolutionProperties) = preSolution
		HideSolutionNode = FALSE
	EndGlobalSection
	GlobalSection(ExtensibilityGlobals) = postSolution
		SolutionGuid = {D8AF9BC3-43C1-438E-B098-B08E5B89E5D8}
	EndGlobalSection
EndGlobal
