
Microsoft Visual Studio Solution File, Format Version 12.00
# Visual Studio Version 17
VisualStudioVersion = 17.6.33829.357
MinimumVisualStudioVersion = 10.0.40219.1
Project("{FAE04EC0-301F-11D3-BF4B-00C04F79EFBC}") = "WCGT.API", "WCGT\WCGT.API.csproj", "{961941B6-AAE1-4358-A2FE-DFAD818D62F6}"
EndProject
Project("{FAE04EC0-301F-11D3-BF4B-00C04F79EFBC}") = "WCGT.Application", "WCGT.Application\WCGT.Application.csproj", "{E97B1ACD-D1E7-43B4-B84A-C83FF73EBB31}"
EndProject
Project("{FAE04EC0-301F-11D3-BF4B-00C04F79EFBC}") = "WCGT.Infrastructure", "WCGT.Infrastructure\WCGT.Infrastructure.csproj", "{49E25569-70D3-4B85-8831-88588952998F}"
EndProject
Project("{FAE04EC0-301F-11D3-BF4B-00C04F79EFBC}") = "WCGT.Domain", "WCGT.Domain\WCGT.Domain.csproj", "{D821D4CF-9194-4FA0-9215-0299F173BADC}"
EndProject
Global
	GlobalSection(SolutionConfigurationPlatforms) = preSolution
		Debug|Any CPU = Debug|Any CPU
		Release|Any CPU = Release|Any CPU
	EndGlobalSection
	GlobalSection(ProjectConfigurationPlatforms) = postSolution
		{961941B6-AAE1-4358-A2FE-DFAD818D62F6}.Debug|Any CPU.ActiveCfg = Debug|Any CPU
		{961941B6-AAE1-4358-A2FE-DFAD818D62F6}.Debug|Any CPU.Build.0 = Debug|Any CPU
		{961941B6-AAE1-4358-A2FE-DFAD818D62F6}.Release|Any CPU.ActiveCfg = Release|Any CPU
		{961941B6-AAE1-4358-A2FE-DFAD818D62F6}.Release|Any CPU.Build.0 = Release|Any CPU
		{E97B1ACD-D1E7-43B4-B84A-C83FF73EBB31}.Debug|Any CPU.ActiveCfg = Debug|Any CPU
		{E97B1ACD-D1E7-43B4-B84A-C83FF73EBB31}.Debug|Any CPU.Build.0 = Debug|Any CPU
		{E97B1ACD-D1E7-43B4-B84A-C83FF73EBB31}.Release|Any CPU.ActiveCfg = Release|Any CPU
		{E97B1ACD-D1E7-43B4-B84A-C83FF73EBB31}.Release|Any CPU.Build.0 = Release|Any CPU
		{49E25569-70D3-4B85-8831-88588952998F}.Debug|Any CPU.ActiveCfg = Debug|Any CPU
		{49E25569-70D3-4B85-8831-88588952998F}.Debug|Any CPU.Build.0 = Debug|Any CPU
		{49E25569-70D3-4B85-8831-88588952998F}.Release|Any CPU.ActiveCfg = Release|Any CPU
		{49E25569-70D3-4B85-8831-88588952998F}.Release|Any CPU.Build.0 = Release|Any CPU
		{D821D4CF-9194-4FA0-9215-0299F173BADC}.Debug|Any CPU.ActiveCfg = Debug|Any CPU
		{D821D4CF-9194-4FA0-9215-0299F173BADC}.Debug|Any CPU.Build.0 = Debug|Any CPU
		{D821D4CF-9194-4FA0-9215-0299F173BADC}.Release|Any CPU.ActiveCfg = Release|Any CPU
		{D821D4CF-9194-4FA0-9215-0299F173BADC}.Release|Any CPU.Build.0 = Release|Any CPU
	EndGlobalSection
	GlobalSection(SolutionProperties) = preSolution
		HideSolutionNode = FALSE
	EndGlobalSection
	GlobalSection(ExtensibilityGlobals) = postSolution
		SolutionGuid = {904809D4-336E-4E58-A823-8A8307E029C6}
	EndGlobalSection
EndGlobal
