
Microsoft Visual Studio Solution File, Format Version 12.00
# Visual Studio Version 17
VisualStudioVersion = 17.7.34221.43
MinimumVisualStudioVersion = 10.0.40219.1
Project("{9A19103F-16F7-4668-BE54-9A1E7A4F7556}") = "RMT.Report.Api", "RMT.Report.Api\RMT.Report.Api.csproj", "{DE16C89D-1451-48EC-A4FE-15CAD6F71570}"
EndProject
Project("{FAE04EC0-301F-11D3-BF4B-00C04F79EFBC}") = "RMT.Reports.Application", "RMT.Reports.Application\RMT.Reports.Application.csproj", "{B91AAECF-D4D8-4299-B1F9-D8B10D08174C}"
EndProject
Project("{FAE04EC0-301F-11D3-BF4B-00C04F79EFBC}") = "RMT.Reports.Infrastructure", "RMT.Reports.Infrastructure\RMT.Reports.Infrastructure.csproj", "{AD18F717-2487-4FA6-A69C-958B1AE85A5F}"
EndProject
Project("{FAE04EC0-301F-11D3-BF4B-00C04F79EFBC}") = "RMT.Reports.Domain", "RMT.Reports.Domain\RMT.Reports.Domain.csproj", "{BCEEF389-DD51-4695-9AFA-77A1BF9283D8}"
EndProject
Global
	GlobalSection(SolutionConfigurationPlatforms) = preSolution
		Debug|Any CPU = Debug|Any CPU
		Release|Any CPU = Release|Any CPU
	EndGlobalSection
	GlobalSection(ProjectConfigurationPlatforms) = postSolution
		{DE16C89D-1451-48EC-A4FE-15CAD6F71570}.Debug|Any CPU.ActiveCfg = Debug|Any CPU
		{DE16C89D-1451-48EC-A4FE-15CAD6F71570}.Debug|Any CPU.Build.0 = Debug|Any CPU
		{DE16C89D-1451-48EC-A4FE-15CAD6F71570}.Release|Any CPU.ActiveCfg = Release|Any CPU
		{DE16C89D-1451-48EC-A4FE-15CAD6F71570}.Release|Any CPU.Build.0 = Release|Any CPU
		{B91AAECF-D4D8-4299-B1F9-D8B10D08174C}.Debug|Any CPU.ActiveCfg = Debug|Any CPU
		{B91AAECF-D4D8-4299-B1F9-D8B10D08174C}.Debug|Any CPU.Build.0 = Debug|Any CPU
		{B91AAECF-D4D8-4299-B1F9-D8B10D08174C}.Release|Any CPU.ActiveCfg = Release|Any CPU
		{B91AAECF-D4D8-4299-B1F9-D8B10D08174C}.Release|Any CPU.Build.0 = Release|Any CPU
		{AD18F717-2487-4FA6-A69C-958B1AE85A5F}.Debug|Any CPU.ActiveCfg = Debug|Any CPU
		{AD18F717-2487-4FA6-A69C-958B1AE85A5F}.Debug|Any CPU.Build.0 = Debug|Any CPU
		{AD18F717-2487-4FA6-A69C-958B1AE85A5F}.Release|Any CPU.ActiveCfg = Release|Any CPU
		{AD18F717-2487-4FA6-A69C-958B1AE85A5F}.Release|Any CPU.Build.0 = Release|Any CPU
		{BCEEF389-DD51-4695-9AFA-77A1BF9283D8}.Debug|Any CPU.ActiveCfg = Debug|Any CPU
		{BCEEF389-DD51-4695-9AFA-77A1BF9283D8}.Debug|Any CPU.Build.0 = Debug|Any CPU
		{BCEEF389-DD51-4695-9AFA-77A1BF9283D8}.Release|Any CPU.ActiveCfg = Release|Any CPU
		{BCEEF389-DD51-4695-9AFA-77A1BF9283D8}.Release|Any CPU.Build.0 = Release|Any CPU
	EndGlobalSection
	GlobalSection(SolutionProperties) = preSolution
		HideSolutionNode = FALSE
	EndGlobalSection
	GlobalSection(ExtensibilityGlobals) = postSolution
		SolutionGuid = {83EFC04F-4825-45D0-B72C-4F63086D72F5}
	EndGlobalSection
EndGlobal
