
Microsoft Visual Studio Solution File, Format Version 12.00
# Visual Studio Version 17
VisualStudioVersion = 17.8.34322.80
MinimumVisualStudioVersion = 10.0.40219.1
Project("{FAE04EC0-301F-11D3-BF4B-00C04F79EFBC}") = "RMT.Skill.Application", "RMT.Skill.Application\RMT.Skill.Application.csproj", "{C4D9574C-D54D-4AA6-A3A7-209072491D76}"
EndProject
Project("{FAE04EC0-301F-11D3-BF4B-00C04F79EFBC}") = "RMT.Skill.Domain", "RMT.Skill.Domain\RMT.Skill.Domain.csproj", "{44916998-05E0-44E1-A5C8-3CAF65FA404A}"
EndProject
Project("{FAE04EC0-301F-11D3-BF4B-00C04F79EFBC}") = "RMT.Skill.Infrastructure", "RMT.Skill.Infrastructure\RMT.Skill.Infrastructure.csproj", "{A7073C6F-8878-4B57-B9A7-D16B5D74A4A7}"
EndProject
Project("{FAE04EC0-301F-11D3-BF4B-00C04F79EFBC}") = "RMT.Skill.API", "RMT.Skill.API\RMT.Skill.API.csproj", "{9FB354AD-E877-4A52-A9D1-44120FAF9F57}"
EndProject
Global
	GlobalSection(SolutionConfigurationPlatforms) = preSolution
		Debug|Any CPU = Debug|Any CPU
		Release|Any CPU = Release|Any CPU
	EndGlobalSection
	GlobalSection(ProjectConfigurationPlatforms) = postSolution
		{C4D9574C-D54D-4AA6-A3A7-209072491D76}.Debug|Any CPU.ActiveCfg = Debug|Any CPU
		{C4D9574C-D54D-4AA6-A3A7-209072491D76}.Debug|Any CPU.Build.0 = Debug|Any CPU
		{C4D9574C-D54D-4AA6-A3A7-209072491D76}.Release|Any CPU.ActiveCfg = Release|Any CPU
		{C4D9574C-D54D-4AA6-A3A7-209072491D76}.Release|Any CPU.Build.0 = Release|Any CPU
		{44916998-05E0-44E1-A5C8-3CAF65FA404A}.Debug|Any CPU.ActiveCfg = Debug|Any CPU
		{44916998-05E0-44E1-A5C8-3CAF65FA404A}.Debug|Any CPU.Build.0 = Debug|Any CPU
		{44916998-05E0-44E1-A5C8-3CAF65FA404A}.Release|Any CPU.ActiveCfg = Release|Any CPU
		{44916998-05E0-44E1-A5C8-3CAF65FA404A}.Release|Any CPU.Build.0 = Release|Any CPU
		{A7073C6F-8878-4B57-B9A7-D16B5D74A4A7}.Debug|Any CPU.ActiveCfg = Debug|Any CPU
		{A7073C6F-8878-4B57-B9A7-D16B5D74A4A7}.Debug|Any CPU.Build.0 = Debug|Any CPU
		{A7073C6F-8878-4B57-B9A7-D16B5D74A4A7}.Release|Any CPU.ActiveCfg = Release|Any CPU
		{A7073C6F-8878-4B57-B9A7-D16B5D74A4A7}.Release|Any CPU.Build.0 = Release|Any CPU
		{9FB354AD-E877-4A52-A9D1-44120FAF9F57}.Debug|Any CPU.ActiveCfg = Debug|Any CPU
		{9FB354AD-E877-4A52-A9D1-44120FAF9F57}.Debug|Any CPU.Build.0 = Debug|Any CPU
		{9FB354AD-E877-4A52-A9D1-44120FAF9F57}.Release|Any CPU.ActiveCfg = Release|Any CPU
		{9FB354AD-E877-4A52-A9D1-44120FAF9F57}.Release|Any CPU.Build.0 = Release|Any CPU
	EndGlobalSection
	GlobalSection(SolutionProperties) = preSolution
		HideSolutionNode = FALSE
	EndGlobalSection
	GlobalSection(ExtensibilityGlobals) = postSolution
		SolutionGuid = {35E14E2A-F30D-47BD-9DFE-52926768B080}
	EndGlobalSection
EndGlobal
